
Microsoft Visual Studio Solution File, Format Version 12.00
Project("{FAE04EC0-301F-11D3-BF4B-00C04F79EFBC}") = "SomeStore", "Source\Store\SomeStore.csproj", "{8F2B373E-9ED4-44E6-AFD8-FFF016A9C755}"
EndProject
Project("{2150E333-8FDC-42A3-9474-1A3956D46DE8}") = "Core", "Core", "{E6AC06A8-0C71-4869-8CE1-BF9175FA2447}"
EndProject
Project("{FAE04EC0-301F-11D3-BF4B-00C04F79EFBC}") = "Store.Core", "Source\Store.Core\Store.Core.csproj", "{19843E21-A39C-4367-BD6E-BF532B7CA20D}"
EndProject
Project("{FAE04EC0-301F-11D3-BF4B-00C04F79EFBC}") = "Store.Contracts", "Source\Store.Contracts\Store.Contracts.csproj", "{C3E58898-1ACE-4B56-ABD8-9496ADF7B54B}"
EndProject
Project("{2150E333-8FDC-42A3-9474-1A3956D46DE8}") = "Tests", "Tests", "{8F740DB6-3882-43E1-8FA8-EA4609764078}"
EndProject
Project("{FAE04EC0-301F-11D3-BF4B-00C04F79EFBC}") = "Store.Tests.Common", "Source\Store.Tests.Common\Store.Tests.Common.csproj", "{2094B0F3-D8CC-4003-A7DC-BD122F2745AB}"
EndProject
Project("{FAE04EC0-301F-11D3-BF4B-00C04F79EFBC}") = "Store.Database", "Source\Store.Database\Store.Database.csproj", "{9D028137-2B73-465E-9BE1-59874FDC25F3}"
EndProject
Project("{FAE04EC0-301F-11D3-BF4B-00C04F79EFBC}") = "Store.Extensions", "Store.Extensions\Store.Extensions.csproj", "{78328531-2E68-4438-AB60-1FB5EB4D4F9B}"
EndProject
Project("{FAE04EC0-301F-11D3-BF4B-00C04F79EFBC}") = "Store.Host", "Store.Host\Store.Host.csproj", "{A78E6A27-D709-4B67-847C-22E7D2189399}"
EndProject
Global
	GlobalSection(SolutionConfigurationPlatforms) = preSolution
		Debug|Any CPU = Debug|Any CPU
		Release|Any CPU = Release|Any CPU
	EndGlobalSection
	GlobalSection(ProjectConfigurationPlatforms) = postSolution
		{8F2B373E-9ED4-44E6-AFD8-FFF016A9C755}.Debug|Any CPU.ActiveCfg = Debug|Any CPU
		{8F2B373E-9ED4-44E6-AFD8-FFF016A9C755}.Debug|Any CPU.Build.0 = Debug|Any CPU
		{8F2B373E-9ED4-44E6-AFD8-FFF016A9C755}.Release|Any CPU.ActiveCfg = Release|Any CPU
		{8F2B373E-9ED4-44E6-AFD8-FFF016A9C755}.Release|Any CPU.Build.0 = Release|Any CPU
		{19843E21-A39C-4367-BD6E-BF532B7CA20D}.Debug|Any CPU.ActiveCfg = Debug|Any CPU
		{19843E21-A39C-4367-BD6E-BF532B7CA20D}.Debug|Any CPU.Build.0 = Debug|Any CPU
		{19843E21-A39C-4367-BD6E-BF532B7CA20D}.Release|Any CPU.ActiveCfg = Release|Any CPU
		{19843E21-A39C-4367-BD6E-BF532B7CA20D}.Release|Any CPU.Build.0 = Release|Any CPU
		{C3E58898-1ACE-4B56-ABD8-9496ADF7B54B}.Debug|Any CPU.ActiveCfg = Debug|Any CPU
		{C3E58898-1ACE-4B56-ABD8-9496ADF7B54B}.Debug|Any CPU.Build.0 = Debug|Any CPU
		{C3E58898-1ACE-4B56-ABD8-9496ADF7B54B}.Release|Any CPU.ActiveCfg = Release|Any CPU
		{C3E58898-1ACE-4B56-ABD8-9496ADF7B54B}.Release|Any CPU.Build.0 = Release|Any CPU
		{2094B0F3-D8CC-4003-A7DC-BD122F2745AB}.Debug|Any CPU.ActiveCfg = Debug|Any CPU
		{2094B0F3-D8CC-4003-A7DC-BD122F2745AB}.Debug|Any CPU.Build.0 = Debug|Any CPU
		{2094B0F3-D8CC-4003-A7DC-BD122F2745AB}.Release|Any CPU.ActiveCfg = Release|Any CPU
		{2094B0F3-D8CC-4003-A7DC-BD122F2745AB}.Release|Any CPU.Build.0 = Release|Any CPU
		{9D028137-2B73-465E-9BE1-59874FDC25F3}.Debug|Any CPU.ActiveCfg = Debug|Any CPU
		{9D028137-2B73-465E-9BE1-59874FDC25F3}.Debug|Any CPU.Build.0 = Debug|Any CPU
		{9D028137-2B73-465E-9BE1-59874FDC25F3}.Release|Any CPU.ActiveCfg = Release|Any CPU
		{9D028137-2B73-465E-9BE1-59874FDC25F3}.Release|Any CPU.Build.0 = Release|Any CPU
		{78328531-2E68-4438-AB60-1FB5EB4D4F9B}.Debug|Any CPU.ActiveCfg = Debug|Any CPU
		{78328531-2E68-4438-AB60-1FB5EB4D4F9B}.Debug|Any CPU.Build.0 = Debug|Any CPU
		{78328531-2E68-4438-AB60-1FB5EB4D4F9B}.Release|Any CPU.ActiveCfg = Release|Any CPU
		{78328531-2E68-4438-AB60-1FB5EB4D4F9B}.Release|Any CPU.Build.0 = Release|Any CPU
		{A78E6A27-D709-4B67-847C-22E7D2189399}.Debug|Any CPU.ActiveCfg = Debug|Any CPU
		{A78E6A27-D709-4B67-847C-22E7D2189399}.Debug|Any CPU.Build.0 = Debug|Any CPU
		{A78E6A27-D709-4B67-847C-22E7D2189399}.Release|Any CPU.ActiveCfg = Release|Any CPU
		{A78E6A27-D709-4B67-847C-22E7D2189399}.Release|Any CPU.Build.0 = Release|Any CPU
	EndGlobalSection
	GlobalSection(NestedProjects) = preSolution
		{19843E21-A39C-4367-BD6E-BF532B7CA20D} = {E6AC06A8-0C71-4869-8CE1-BF9175FA2447}
		{C3E58898-1ACE-4B56-ABD8-9496ADF7B54B} = {E6AC06A8-0C71-4869-8CE1-BF9175FA2447}
		{2094B0F3-D8CC-4003-A7DC-BD122F2745AB} = {8F740DB6-3882-43E1-8FA8-EA4609764078}
		{9D028137-2B73-465E-9BE1-59874FDC25F3} = {E6AC06A8-0C71-4869-8CE1-BF9175FA2447}
		{78328531-2E68-4438-AB60-1FB5EB4D4F9B} = {E6AC06A8-0C71-4869-8CE1-BF9175FA2447}
		{A78E6A27-D709-4B67-847C-22E7D2189399} = {E6AC06A8-0C71-4869-8CE1-BF9175FA2447}
	EndGlobalSection
EndGlobal
