
Microsoft Visual Studio Solution File, Format Version 12.00
Project("{FAE04EC0-301F-11D3-BF4B-00C04F79EFBC}") = "SomeStore", "Source\SomeStore.csproj", "{AEA77640-4676-429B-BC03-72B030EB858D}"
EndProject
Global
	GlobalSection(SolutionConfigurationPlatforms) = preSolution
		Debug|Any CPU = Debug|Any CPU
		Release|Any CPU = Release|Any CPU
	EndGlobalSection
	GlobalSection(ProjectConfigurationPlatforms) = postSolution
		{AEA77640-4676-429B-BC03-72B030EB858D}.Debug|Any CPU.ActiveCfg = Debug|Any CPU
		{AEA77640-4676-429B-BC03-72B030EB858D}.Debug|Any CPU.Build.0 = Debug|Any CPU
		{AEA77640-4676-429B-BC03-72B030EB858D}.Release|Any CPU.ActiveCfg = Release|Any CPU
		{AEA77640-4676-429B-BC03-72B030EB858D}.Release|Any CPU.Build.0 = Release|Any CPU
	EndGlobalSection
EndGlobal
